Microsoft Visual Studio Solution File, Format Version 12.00
# Visual Studio Version 16
VisualStudioVersion = 16.0.32428.217
MinimumVisualStudioVersion = 15.0.26124.0
Project("{D954291E-2A0B-460D-934E-DC6B0785DB48}") = "DemoApp.Shared", "DemoApp\DemoApp.Shared\DemoApp.Shared.shproj", "{6279C845-92F8-4333-AB99-3D213163593C}"
EndProject
Project("{2150E333-8FDC-42A3-9474-1A3956D46DE8}") = "Platforms", "Platforms", "{032299C0-5971-45CA-92EE-FB009AD41B79}"
EndProject
Project("{FAE04EC0-301F-11D3-BF4B-00C04F79EFBC}") = "DemoApp.Wasm", "DemoApp\DemoApp.Wasm\DemoApp.Wasm.csproj", "{50C9FCC5-9446-4E04-971D-4833EC608B6E}"
EndProject
Project("{FAE04EC0-301F-11D3-BF4B-00C04F79EFBC}") = "DemoApp.Skia.Wpf.Host", "DemoApp\DemoApp.Skia.Wpf.Host\DemoApp.Skia.Wpf.Host.csproj", "{14277565-D02F-4E03-BA8C-963A66059B43}"
EndProject
Project("{FAE04EC0-301F-11D3-BF4B-00C04F79EFBC}") = "DemoApp.Skia.Wpf", "DemoApp\DemoApp.Skia.Wpf\DemoApp.Skia.Wpf.csproj", "{9D4ADDC1-6A22-4C65-8066-B8F67D5C2396}"
EndProject
Project("{FAE04EC0-301F-11D3-BF4B-00C04F79EFBC}") = "DemoApp.Skia.Gtk", "DemoApp\DemoApp.Skia.Gtk\DemoApp.Skia.Gtk.csproj", "{CCDEBDF8-1DDD-459A-8CEE-AB000BFC6120}"
EndProject
Global
	GlobalSection(SharedMSBuildProjectFiles) = preSolution
		DemoApp\DemoApp.Shared\DemoApp.Shared.projitems*{50c9fcc5-9446-4e04-971d-4833ec608b6e}*SharedItemsImports = 5
		DemoApp\DemoApp.Shared\DemoApp.Shared.projitems*{6279c845-92f8-4333-ab99-3d213163593c}*SharedItemsImports = 13
		DemoApp\DemoApp.Shared\DemoApp.Shared.projitems*{9d4addc1-6a22-4c65-8066-b8f67d5c2396}*SharedItemsImports = 5
		DemoApp\DemoApp.Shared\DemoApp.Shared.projitems*{ccdebdf8-1ddd-459a-8cee-ab000bfc6120}*SharedItemsImports = 5
	EndGlobalSection
	GlobalSection(SolutionConfigurationPlatforms) = preSolution
		Ad-Hoc|Any CPU = Ad-Hoc|Any CPU
		Ad-Hoc|ARM = Ad-Hoc|ARM
		Ad-Hoc|ARM64 = Ad-Hoc|ARM64
		Ad-Hoc|iPhone = Ad-Hoc|iPhone
		Ad-Hoc|iPhoneSimulator = Ad-Hoc|iPhoneSimulator
		Ad-Hoc|x64 = Ad-Hoc|x64
		Ad-Hoc|x86 = Ad-Hoc|x86
		AppStore|Any CPU = AppStore|Any CPU
		AppStore|ARM = AppStore|ARM
		AppStore|ARM64 = AppStore|ARM64
		AppStore|iPhone = AppStore|iPhone
		AppStore|iPhoneSimulator = AppStore|iPhoneSimulator
		AppStore|x64 = AppStore|x64
		AppStore|x86 = AppStore|x86
		Debug|Any CPU = Debug|Any CPU
		Debug|ARM = Debug|ARM
		Debug|ARM64 = Debug|ARM64
		Debug|iPhone = Debug|iPhone
		Debug|iPhoneSimulator = Debug|iPhoneSimulator
		Debug|x64 = Debug|x64
		Debug|x86 = Debug|x86
		Release|Any CPU = Release|Any CPU
		Release|ARM = Release|ARM
		Release|ARM64 = Release|ARM64
		Release|iPhone = Release|iPhone
		Release|iPhoneSimulator = Release|iPhoneSimulator
		Release|x64 = Release|x64
		Release|x86 = Release|x86
	EndGlobalSection
	GlobalSection(ProjectConfigurationPlatforms) = postSolution
		{C9FD9805-7F8C-4942-92F5-FF3BB037DAD1}.Ad-Hoc|Any CPU.ActiveCfg = Release|Any CPU
		{C9FD9805-7F8C-4942-92F5-FF3BB037DAD1}.Ad-Hoc|Any CPU.Build.0 = Release|Any CPU
		{C9FD9805-7F8C-4942-92F5-FF3BB037DAD1}.Ad-Hoc|ARM.ActiveCfg = Release|Any CPU
		{C9FD9805-7F8C-4942-92F5-FF3BB037DAD1}.Ad-Hoc|ARM.Build.0 = Release|Any CPU
		{C9FD9805-7F8C-4942-92F5-FF3BB037DAD1}.Ad-Hoc|ARM64.ActiveCfg = Release|Any CPU
		{C9FD9805-7F8C-4942-92F5-FF3BB037DAD1}.Ad-Hoc|ARM64.Build.0 = Release|Any CPU
		{C9FD9805-7F8C-4942-92F5-FF3BB037DAD1}.Ad-Hoc|iPhone.ActiveCfg = Release|Any CPU
		{C9FD9805-7F8C-4942-92F5-FF3BB037DAD1}.Ad-Hoc|iPhone.Build.0 = Release|Any CPU
		{C9FD9805-7F8C-4942-92F5-FF3BB037DAD1}.Ad-Hoc|iPhoneSimulator.ActiveCfg = Release|Any CPU
		{C9FD9805-7F8C-4942-92F5-FF3BB037DAD1}.Ad-Hoc|iPhoneSimulator.Build.0 = Release|Any CPU
		{C9FD9805-7F8C-4942-92F5-FF3BB037DAD1}.Ad-Hoc|x64.ActiveCfg = Release|Any CPU
		{C9FD9805-7F8C-4942-92F5-FF3BB037DAD1}.Ad-Hoc|x64.Build.0 = Release|Any CPU
		{C9FD9805-7F8C-4942-92F5-FF3BB037DAD1}.Ad-Hoc|x86.ActiveCfg = Release|Any CPU
		{C9FD9805-7F8C-4942-92F5-FF3BB037DAD1}.Ad-Hoc|x86.Build.0 = Release|Any CPU
		{C9FD9805-7F8C-4942-92F5-FF3BB037DAD1}.AppStore|Any CPU.ActiveCfg = Release|Any CPU
		{C9FD9805-7F8C-4942-92F5-FF3BB037DAD1}.AppStore|Any CPU.Build.0 = Release|Any CPU
		{C9FD9805-7F8C-4942-92F5-FF3BB037DAD1}.AppStore|ARM.ActiveCfg = Release|Any CPU
		{C9FD9805-7F8C-4942-92F5-FF3BB037DAD1}.AppStore|ARM.Build.0 = Release|Any CPU
		{C9FD9805-7F8C-4942-92F5-FF3BB037DAD1}.AppStore|ARM64.ActiveCfg = Release|Any CPU
		{C9FD9805-7F8C-4942-92F5-FF3BB037DAD1}.AppStore|ARM64.Build.0 = Release|Any CPU
		{C9FD9805-7F8C-4942-92F5-FF3BB037DAD1}.AppStore|iPhone.ActiveCfg = Release|Any CPU
		{C9FD9805-7F8C-4942-92F5-FF3BB037DAD1}.AppStore|iPhone.Build.0 = Release|Any CPU
		{C9FD9805-7F8C-4942-92F5-FF3BB037DAD1}.AppStore|iPhoneSimulator.ActiveCfg = Release|Any CPU
		{C9FD9805-7F8C-4942-92F5-FF3BB037DAD1}.AppStore|iPhoneSimulator.Build.0 = Release|Any CPU
		{C9FD9805-7F8C-4942-92F5-FF3BB037DAD1}.AppStore|x64.ActiveCfg = Release|Any CPU
		{C9FD9805-7F8C-4942-92F5-FF3BB037DAD1}.AppStore|x64.Build.0 = Release|Any CPU
		{C9FD9805-7F8C-4942-92F5-FF3BB037DAD1}.AppStore|x86.ActiveCfg = Release|Any CPU
		{C9FD9805-7F8C-4942-92F5-FF3BB037DAD1}.AppStore|x86.Build.0 = Release|Any CPU
		{C9FD9805-7F8C-4942-92F5-FF3BB037DAD1}.Debug|Any CPU.ActiveCfg = Debug|Any CPU
		{C9FD9805-7F8C-4942-92F5-FF3BB037DAD1}.Debug|Any CPU.Build.0 = Debug|Any CPU
		{C9FD9805-7F8C-4942-92F5-FF3BB037DAD1}.Debug|ARM.ActiveCfg = Debug|Any CPU
		{C9FD9805-7F8C-4942-92F5-FF3BB037DAD1}.Debug|ARM.Build.0 = Debug|Any CPU
		{C9FD9805-7F8C-4942-92F5-FF3BB037DAD1}.Debug|ARM64.ActiveCfg = Debug|Any CPU
		{C9FD9805-7F8C-4942-92F5-FF3BB037DAD1}.Debug|ARM64.Build.0 = Debug|Any CPU
		{C9FD9805-7F8C-4942-92F5-FF3BB037DAD1}.Debug|iPhone.ActiveCfg = Debug|Any CPU
		{C9FD9805-7F8C-4942-92F5-FF3BB037DAD1}.Debug|iPhone.Build.0 = Debug|Any CPU
		{C9FD9805-7F8C-4942-92F5-FF3BB037DAD1}.Debug|iPhoneSimulator.ActiveCfg = Debug|Any CPU
		{C9FD9805-7F8C-4942-92F5-FF3BB037DAD1}.Debug|iPhoneSimulator.Build.0 = Debug|Any CPU
		{C9FD9805-7F8C-4942-92F5-FF3BB037DAD1}.Debug|x64.ActiveCfg = Debug|Any CPU
		{C9FD9805-7F8C-4942-92F5-FF3BB037DAD1}.Debug|x64.Build.0 = Debug|Any CPU
		{C9FD9805-7F8C-4942-92F5-FF3BB037DAD1}.Debug|x86.ActiveCfg = Debug|Any CPU
		{C9FD9805-7F8C-4942-92F5-FF3BB037DAD1}.Debug|x86.Build.0 = Debug|Any CPU
		{C9FD9805-7F8C-4942-92F5-FF3BB037DAD1}.Release|Any CPU.ActiveCfg = Release|Any CPU
		{C9FD9805-7F8C-4942-92F5-FF3BB037DAD1}.Release|Any CPU.Build.0 = Release|Any CPU
		{C9FD9805-7F8C-4942-92F5-FF3BB037DAD1}.Release|ARM.ActiveCfg = Release|Any CPU
		{C9FD9805-7F8C-4942-92F5-FF3BB037DAD1}.Release|ARM.Build.0 = Release|Any CPU
		{C9FD9805-7F8C-4942-92F5-FF3BB037DAD1}.Release|ARM64.ActiveCfg = Release|Any CPU
		{C9FD9805-7F8C-4942-92F5-FF3BB037DAD1}.Release|ARM64.Build.0 = Release|Any CPU
		{C9FD9805-7F8C-4942-92F5-FF3BB037DAD1}.Release|iPhone.ActiveCfg = Release|Any CPU
		{C9FD9805-7F8C-4942-92F5-FF3BB037DAD1}.Release|iPhone.Build.0 = Release|Any CPU
		{C9FD9805-7F8C-4942-92F5-FF3BB037DAD1}.Release|iPhoneSimulator.ActiveCfg = Release|Any CPU
		{C9FD9805-7F8C-4942-92F5-FF3BB037DAD1}.Release|iPhoneSimulator.Build.0 = Release|Any CPU
		{C9FD9805-7F8C-4942-92F5-FF3BB037DAD1}.Release|x64.ActiveCfg = Release|Any CPU
		{C9FD9805-7F8C-4942-92F5-FF3BB037DAD1}.Release|x64.Build.0 = Release|Any CPU
		{C9FD9805-7F8C-4942-92F5-FF3BB037DAD1}.Release|x86.ActiveCfg = Release|Any CPU
		{C9FD9805-7F8C-4942-92F5-FF3BB037DAD1}.Release|x86.Build.0 = Release|Any CPU
		{AA6A2578-6242-4A61-BB39-5CE31629694D}.Ad-Hoc|Any CPU.ActiveCfg = Release|Any CPU
		{AA6A2578-6242-4A61-BB39-5CE31629694D}.Ad-Hoc|Any CPU.Build.0 = Release|Any CPU
		{AA6A2578-6242-4A61-BB39-5CE31629694D}.Ad-Hoc|ARM.ActiveCfg = Release|Any CPU
		{AA6A2578-6242-4A61-BB39-5CE31629694D}.Ad-Hoc|ARM.Build.0 = Release|Any CPU
		{AA6A2578-6242-4A61-BB39-5CE31629694D}.Ad-Hoc|ARM64.ActiveCfg = Release|Any CPU
		{AA6A2578-6242-4A61-BB39-5CE31629694D}.Ad-Hoc|ARM64.Build.0 = Release|Any CPU
		{AA6A2578-6242-4A61-BB39-5CE31629694D}.Ad-Hoc|iPhone.ActiveCfg = Release|Any CPU
		{AA6A2578-6242-4A61-BB39-5CE31629694D}.Ad-Hoc|iPhone.Build.0 = Release|Any CPU
		{AA6A2578-6242-4A61-BB39-5CE31629694D}.Ad-Hoc|iPhoneSimulator.ActiveCfg = Release|Any CPU
		{AA6A2578-6242-4A61-BB39-5CE31629694D}.Ad-Hoc|iPhoneSimulator.Build.0 = Release|Any CPU
		{AA6A2578-6242-4A61-BB39-5CE31629694D}.Ad-Hoc|x64.ActiveCfg = Release|Any CPU
		{AA6A2578-6242-4A61-BB39-5CE31629694D}.Ad-Hoc|x64.Build.0 = Release|Any CPU
		{AA6A2578-6242-4A61-BB39-5CE31629694D}.Ad-Hoc|x86.ActiveCfg = Release|Any CPU
		{AA6A2578-6242-4A61-BB39-5CE31629694D}.Ad-Hoc|x86.Build.0 = Release|Any CPU
		{AA6A2578-6242-4A61-BB39-5CE31629694D}.AppStore|Any CPU.ActiveCfg = Release|Any CPU
		{AA6A2578-6242-4A61-BB39-5CE31629694D}.AppStore|Any CPU.Build.0 = Release|Any CPU
		{AA6A2578-6242-4A61-BB39-5CE31629694D}.AppStore|ARM.ActiveCfg = Release|Any CPU
		{AA6A2578-6242-4A61-BB39-5CE31629694D}.AppStore|ARM.Build.0 = Release|Any CPU
		{AA6A2578-6242-4A61-BB39-5CE31629694D}.AppStore|ARM64.ActiveCfg = Release|Any CPU
		{AA6A2578-6242-4A61-BB39-5CE31629694D}.AppStore|ARM64.Build.0 = Release|Any CPU
		{AA6A2578-6242-4A61-BB39-5CE31629694D}.AppStore|iPhone.ActiveCfg = Release|Any CPU
		{AA6A2578-6242-4A61-BB39-5CE31629694D}.AppStore|iPhone.Build.0 = Release|Any CPU
		{AA6A2578-6242-4A61-BB39-5CE31629694D}.AppStore|iPhoneSimulator.ActiveCfg = Release|Any CPU
		{AA6A2578-6242-4A61-BB39-5CE31629694D}.AppStore|iPhoneSimulator.Build.0 = Release|Any CPU
		{AA6A2578-6242-4A61-BB39-5CE31629694D}.AppStore|x64.ActiveCfg = Release|Any CPU
		{AA6A2578-6242-4A61-BB39-5CE31629694D}.AppStore|x64.Build.0 = Release|Any CPU
		{AA6A2578-6242-4A61-BB39-5CE31629694D}.AppStore|x86.ActiveCfg = Release|Any CPU
		{AA6A2578-6242-4A61-BB39-5CE31629694D}.AppStore|x86.Build.0 = Release|Any CPU
		{AA6A2578-6242-4A61-BB39-5CE31629694D}.Debug|Any CPU.ActiveCfg = Debug|Any CPU
		{AA6A2578-6242-4A61-BB39-5CE31629694D}.Debug|Any CPU.Build.0 = Debug|Any CPU
		{AA6A2578-6242-4A61-BB39-5CE31629694D}.Debug|ARM.ActiveCfg = Debug|Any CPU
		{AA6A2578-6242-4A61-BB39-5CE31629694D}.Debug|ARM.Build.0 = Debug|Any CPU
		{AA6A2578-6242-4A61-BB39-5CE31629694D}.Debug|ARM64.ActiveCfg = Debug|Any CPU
		{AA6A2578-6242-4A61-BB39-5CE31629694D}.Debug|ARM64.Build.0 = Debug|Any CPU
		{AA6A2578-6242-4A61-BB39-5CE31629694D}.Debug|iPhone.ActiveCfg = Debug|Any CPU
		{AA6A2578-6242-4A61-BB39-5CE31629694D}.Debug|iPhone.Build.0 = Debug|Any CPU
		{AA6A2578-6242-4A61-BB39-5CE31629694D}.Debug|iPhoneSimulator.ActiveCfg = Debug|Any CPU
		{AA6A2578-6242-4A61-BB39-5CE31629694D}.Debug|iPhoneSimulator.Build.0 = Debug|Any CPU
		{AA6A2578-6242-4A61-BB39-5CE31629694D}.Debug|x64.ActiveCfg = Debug|Any CPU
		{AA6A2578-6242-4A61-BB39-5CE31629694D}.Debug|x64.Build.0 = Debug|Any CPU
		{AA6A2578-6242-4A61-BB39-5CE31629694D}.Debug|x86.ActiveCfg = Debug|Any CPU
		{AA6A2578-6242-4A61-BB39-5CE31629694D}.Debug|x86.Build.0 = Debug|Any CPU
		{AA6A2578-6242-4A61-BB39-5CE31629694D}.Release|Any CPU.ActiveCfg = Release|Any CPU
		{AA6A2578-6242-4A61-BB39-5CE31629694D}.Release|Any CPU.Build.0 = Release|Any CPU
		{AA6A2578-6242-4A61-BB39-5CE31629694D}.Release|ARM.ActiveCfg = Release|Any CPU
		{AA6A2578-6242-4A61-BB39-5CE31629694D}.Release|ARM.Build.0 = Release|Any CPU
		{AA6A2578-6242-4A61-BB39-5CE31629694D}.Release|ARM64.ActiveCfg = Release|Any CPU
		{AA6A2578-6242-4A61-BB39-5CE31629694D}.Release|ARM64.Build.0 = Release|Any CPU
		{AA6A2578-6242-4A61-BB39-5CE31629694D}.Release|iPhone.ActiveCfg = Release|Any CPU
		{AA6A2578-6242-4A61-BB39-5CE31629694D}.Release|iPhone.Build.0 = Release|Any CPU
		{AA6A2578-6242-4A61-BB39-5CE31629694D}.Release|iPhoneSimulator.ActiveCfg = Release|Any CPU
		{AA6A2578-6242-4A61-BB39-5CE31629694D}.Release|iPhoneSimulator.Build.0 = Release|Any CPU
		{AA6A2578-6242-4A61-BB39-5CE31629694D}.Release|x64.ActiveCfg = Release|Any CPU
		{AA6A2578-6242-4A61-BB39-5CE31629694D}.Release|x64.Build.0 = Release|Any CPU
		{AA6A2578-6242-4A61-BB39-5CE31629694D}.Release|x86.ActiveCfg = Release|Any CPU
		{AA6A2578-6242-4A61-BB39-5CE31629694D}.Release|x86.Build.0 = Release|Any CPU
		{6DD4F073-3A72-4844-8A8E-E66F4804BDA4}.Ad-Hoc|Any CPU.ActiveCfg = Release|Any CPU
		{6DD4F073-3A72-4844-8A8E-E66F4804BDA4}.Ad-Hoc|Any CPU.Build.0 = Release|Any CPU
		{6DD4F073-3A72-4844-8A8E-E66F4804BDA4}.Ad-Hoc|ARM.ActiveCfg = Release|Any CPU
		{6DD4F073-3A72-4844-8A8E-E66F4804BDA4}.Ad-Hoc|ARM.Build.0 = Release|Any CPU
		{6DD4F073-3A72-4844-8A8E-E66F4804BDA4}.Ad-Hoc|ARM64.ActiveCfg = Release|Any CPU
		{6DD4F073-3A72-4844-8A8E-E66F4804BDA4}.Ad-Hoc|ARM64.Build.0 = Release|Any CPU
		{6DD4F073-3A72-4844-8A8E-E66F4804BDA4}.Ad-Hoc|iPhone.ActiveCfg = Release|Any CPU
		{6DD4F073-3A72-4844-8A8E-E66F4804BDA4}.Ad-Hoc|iPhone.Build.0 = Release|Any CPU
		{6DD4F073-3A72-4844-8A8E-E66F4804BDA4}.Ad-Hoc|iPhoneSimulator.ActiveCfg = Release|Any CPU
		{6DD4F073-3A72-4844-8A8E-E66F4804BDA4}.Ad-Hoc|iPhoneSimulator.Build.0 = Release|Any CPU
		{6DD4F073-3A72-4844-8A8E-E66F4804BDA4}.Ad-Hoc|x64.ActiveCfg = Release|Any CPU
		{6DD4F073-3A72-4844-8A8E-E66F4804BDA4}.Ad-Hoc|x64.Build.0 = Release|Any CPU
		{6DD4F073-3A72-4844-8A8E-E66F4804BDA4}.Ad-Hoc|x86.ActiveCfg = Release|Any CPU
		{6DD4F073-3A72-4844-8A8E-E66F4804BDA4}.Ad-Hoc|x86.Build.0 = Release|Any CPU
		{6DD4F073-3A72-4844-8A8E-E66F4804BDA4}.AppStore|Any CPU.ActiveCfg = Release|Any CPU
		{6DD4F073-3A72-4844-8A8E-E66F4804BDA4}.AppStore|Any CPU.Build.0 = Release|Any CPU
		{6DD4F073-3A72-4844-8A8E-E66F4804BDA4}.AppStore|ARM.ActiveCfg = Release|Any CPU
		{6DD4F073-3A72-4844-8A8E-E66F4804BDA4}.AppStore|ARM.Build.0 = Release|Any CPU
		{6DD4F073-3A72-4844-8A8E-E66F4804BDA4}.AppStore|ARM64.ActiveCfg = Release|Any CPU
		{6DD4F073-3A72-4844-8A8E-E66F4804BDA4}.AppStore|ARM64.Build.0 = Release|Any CPU
		{6DD4F073-3A72-4844-8A8E-E66F4804BDA4}.AppStore|iPhone.ActiveCfg = Release|Any CPU
		{6DD4F073-3A72-4844-8A8E-E66F4804BDA4}.AppStore|iPhone.Build.0 = Release|Any CPU
		{6DD4F073-3A72-4844-8A8E-E66F4804BDA4}.AppStore|iPhoneSimulator.ActiveCfg = Release|Any CPU
		{6DD4F073-3A72-4844-8A8E-E66F4804BDA4}.AppStore|iPhoneSimulator.Build.0 = Release|Any CPU
		{6DD4F073-3A72-4844-8A8E-E66F4804BDA4}.AppStore|x64.ActiveCfg = Release|Any CPU
		{6DD4F073-3A72-4844-8A8E-E66F4804BDA4}.AppStore|x64.Build.0 = Release|Any CPU
		{6DD4F073-3A72-4844-8A8E-E66F4804BDA4}.AppStore|x86.ActiveCfg = Release|Any CPU
		{6DD4F073-3A72-4844-8A8E-E66F4804BDA4}.AppStore|x86.Build.0 = Release|Any CPU
		{6DD4F073-3A72-4844-8A8E-E66F4804BDA4}.Debug|Any CPU.ActiveCfg = Debug|Any CPU
		{6DD4F073-3A72-4844-8A8E-E66F4804BDA4}.Debug|Any CPU.Build.0 = Debug|Any CPU
		{6DD4F073-3A72-4844-8A8E-E66F4804BDA4}.Debug|ARM.ActiveCfg = Debug|Any CPU
		{6DD4F073-3A72-4844-8A8E-E66F4804BDA4}.Debug|ARM.Build.0 = Debug|Any CPU
		{6DD4F073-3A72-4844-8A8E-E66F4804BDA4}.Debug|ARM64.ActiveCfg = Debug|Any CPU
		{6DD4F073-3A72-4844-8A8E-E66F4804BDA4}.Debug|ARM64.Build.0 = Debug|Any CPU
		{6DD4F073-3A72-4844-8A8E-E66F4804BDA4}.Debug|iPhone.ActiveCfg = Debug|Any CPU
		{6DD4F073-3A72-4844-8A8E-E66F4804BDA4}.Debug|iPhone.Build.0 = Debug|Any CPU
		{6DD4F073-3A72-4844-8A8E-E66F4804BDA4}.Debug|iPhoneSimulator.ActiveCfg = Debug|Any CPU
		{6DD4F073-3A72-4844-8A8E-E66F4804BDA4}.Debug|iPhoneSimulator.Build.0 = Debug|Any CPU
		{6DD4F073-3A72-4844-8A8E-E66F4804BDA4}.Debug|x64.ActiveCfg = Debug|Any CPU
		{6DD4F073-3A72-4844-8A8E-E66F4804BDA4}.Debug|x64.Build.0 = Debug|Any CPU
		{6DD4F073-3A72-4844-8A8E-E66F4804BDA4}.Debug|x86.ActiveCfg = Debug|Any CPU
		{6DD4F073-3A72-4844-8A8E-E66F4804BDA4}.Debug|x86.Build.0 = Debug|Any CPU
		{6DD4F073-3A72-4844-8A8E-E66F4804BDA4}.Release|Any CPU.ActiveCfg = Release|Any CPU
		{6DD4F073-3A72-4844-8A8E-E66F4804BDA4}.Release|Any CPU.Build.0 = Release|Any CPU
		{6DD4F073-3A72-4844-8A8E-E66F4804BDA4}.Release|ARM.ActiveCfg = Release|Any CPU
		{6DD4F073-3A72-4844-8A8E-E66F4804BDA4}.Release|ARM.Build.0 = Release|Any CPU
		{6DD4F073-3A72-4844-8A8E-E66F4804BDA4}.Release|ARM64.ActiveCfg = Release|Any CPU
		{6DD4F073-3A72-4844-8A8E-E66F4804BDA4}.Release|ARM64.Build.0 = Release|Any CPU
		{6DD4F073-3A72-4844-8A8E-E66F4804BDA4}.Release|iPhone.ActiveCfg = Release|Any CPU
		{6DD4F073-3A72-4844-8A8E-E66F4804BDA4}.Release|iPhone.Build.0 = Release|Any CPU
		{6DD4F073-3A72-4844-8A8E-E66F4804BDA4}.Release|iPhoneSimulator.ActiveCfg = Release|Any CPU
		{6DD4F073-3A72-4844-8A8E-E66F4804BDA4}.Release|iPhoneSimulator.Build.0 = Release|Any CPU
		{6DD4F073-3A72-4844-8A8E-E66F4804BDA4}.Release|x64.ActiveCfg = Release|Any CPU
		{6DD4F073-3A72-4844-8A8E-E66F4804BDA4}.Release|x64.Build.0 = Release|Any CPU
		{6DD4F073-3A72-4844-8A8E-E66F4804BDA4}.Release|x86.ActiveCfg = Release|Any CPU
		{6DD4F073-3A72-4844-8A8E-E66F4804BDA4}.Release|x86.Build.0 = Release|Any CPU
		{50C9FCC5-9446-4E04-971D-4833EC608B6E}.Ad-Hoc|Any CPU.ActiveCfg = Debug|Any CPU
		{50C9FCC5-9446-4E04-971D-4833EC608B6E}.Ad-Hoc|Any CPU.Build.0 = Debug|Any CPU
		{50C9FCC5-9446-4E04-971D-4833EC608B6E}.Ad-Hoc|ARM.ActiveCfg = Debug|Any CPU
		{50C9FCC5-9446-4E04-971D-4833EC608B6E}.Ad-Hoc|ARM.Build.0 = Debug|Any CPU
		{50C9FCC5-9446-4E04-971D-4833EC608B6E}.Ad-Hoc|ARM64.ActiveCfg = Debug|Any CPU
		{50C9FCC5-9446-4E04-971D-4833EC608B6E}.Ad-Hoc|ARM64.Build.0 = Debug|Any CPU
		{50C9FCC5-9446-4E04-971D-4833EC608B6E}.Ad-Hoc|iPhone.ActiveCfg = Debug|Any CPU
		{50C9FCC5-9446-4E04-971D-4833EC608B6E}.Ad-Hoc|iPhone.Build.0 = Debug|Any CPU
		{50C9FCC5-9446-4E04-971D-4833EC608B6E}.Ad-Hoc|iPhoneSimulator.ActiveCfg = Debug|Any CPU
		{50C9FCC5-9446-4E04-971D-4833EC608B6E}.Ad-Hoc|iPhoneSimulator.Build.0 = Debug|Any CPU
		{50C9FCC5-9446-4E04-971D-4833EC608B6E}.Ad-Hoc|x64.ActiveCfg = Debug|Any CPU
		{50C9FCC5-9446-4E04-971D-4833EC608B6E}.Ad-Hoc|x64.Build.0 = Debug|Any CPU
		{50C9FCC5-9446-4E04-971D-4833EC608B6E}.Ad-Hoc|x86.ActiveCfg = Debug|Any CPU
		{50C9FCC5-9446-4E04-971D-4833EC608B6E}.Ad-Hoc|x86.Build.0 = Debug|Any CPU
		{50C9FCC5-9446-4E04-971D-4833EC608B6E}.AppStore|Any CPU.ActiveCfg = Debug|Any CPU
		{50C9FCC5-9446-4E04-971D-4833EC608B6E}.AppStore|Any CPU.Build.0 = Debug|Any CPU
		{50C9FCC5-9446-4E04-971D-4833EC608B6E}.AppStore|ARM.ActiveCfg = Debug|Any CPU
		{50C9FCC5-9446-4E04-971D-4833EC608B6E}.AppStore|ARM.Build.0 = Debug|Any CPU
		{50C9FCC5-9446-4E04-971D-4833EC608B6E}.AppStore|ARM64.ActiveCfg = Debug|Any CPU
		{50C9FCC5-9446-4E04-971D-4833EC608B6E}.AppStore|ARM64.Build.0 = Debug|Any CPU
		{50C9FCC5-9446-4E04-971D-4833EC608B6E}.AppStore|iPhone.ActiveCfg = Debug|Any CPU
		{50C9FCC5-9446-4E04-971D-4833EC608B6E}.AppStore|iPhone.Build.0 = Debug|Any CPU
		{50C9FCC5-9446-4E04-971D-4833EC608B6E}.AppStore|iPhoneSimulator.ActiveCfg = Debug|Any CPU
		{50C9FCC5-9446-4E04-971D-4833EC608B6E}.AppStore|iPhoneSimulator.Build.0 = Debug|Any CPU
		{50C9FCC5-9446-4E04-971D-4833EC608B6E}.AppStore|x64.ActiveCfg = Debug|Any CPU
		{50C9FCC5-9446-4E04-971D-4833EC608B6E}.AppStore|x64.Build.0 = Debug|Any CPU
		{50C9FCC5-9446-4E04-971D-4833EC608B6E}.AppStore|x86.ActiveCfg = Debug|Any CPU
		{50C9FCC5-9446-4E04-971D-4833EC608B6E}.AppStore|x86.Build.0 = Debug|Any CPU
		{50C9FCC5-9446-4E04-971D-4833EC608B6E}.Debug|Any CPU.ActiveCfg = Debug|Any CPU
		{50C9FCC5-9446-4E04-971D-4833EC608B6E}.Debug|Any CPU.Build.0 = Debug|Any CPU
		{50C9FCC5-9446-4E04-971D-4833EC608B6E}.Debug|ARM.ActiveCfg = Debug|Any CPU
		{50C9FCC5-9446-4E04-971D-4833EC608B6E}.Debug|ARM.Build.0 = Debug|Any CPU
		{50C9FCC5-9446-4E04-971D-4833EC608B6E}.Debug|ARM64.ActiveCfg = Debug|Any CPU
		{50C9FCC5-9446-4E04-971D-4833EC608B6E}.Debug|ARM64.Build.0 = Debug|Any CPU
		{50C9FCC5-9446-4E04-971D-4833EC608B6E}.Debug|iPhone.ActiveCfg = Debug|Any CPU
		{50C9FCC5-9446-4E04-971D-4833EC608B6E}.Debug|iPhone.Build.0 = Debug|Any CPU
		{50C9FCC5-9446-4E04-971D-4833EC608B6E}.Debug|iPhoneSimulator.ActiveCfg = Debug|Any CPU
		{50C9FCC5-9446-4E04-971D-4833EC608B6E}.Debug|iPhoneSimulator.Build.0 = Debug|Any CPU
		{50C9FCC5-9446-4E04-971D-4833EC608B6E}.Debug|x64.ActiveCfg = Debug|Any CPU
		{50C9FCC5-9446-4E04-971D-4833EC608B6E}.Debug|x64.Build.0 = Debug|Any CPU
		{50C9FCC5-9446-4E04-971D-4833EC608B6E}.Debug|x86.ActiveCfg = Debug|Any CPU
		{50C9FCC5-9446-4E04-971D-4833EC608B6E}.Debug|x86.Build.0 = Debug|Any CPU
		{50C9FCC5-9446-4E04-971D-4833EC608B6E}.Release|Any CPU.ActiveCfg = Release|Any CPU
		{50C9FCC5-9446-4E04-971D-4833EC608B6E}.Release|Any CPU.Build.0 = Release|Any CPU
		{50C9FCC5-9446-4E04-971D-4833EC608B6E}.Release|ARM.ActiveCfg = Release|Any CPU
		{50C9FCC5-9446-4E04-971D-4833EC608B6E}.Release|ARM.Build.0 = Release|Any CPU
		{50C9FCC5-9446-4E04-971D-4833EC608B6E}.Release|ARM64.ActiveCfg = Release|Any CPU
		{50C9FCC5-9446-4E04-971D-4833EC608B6E}.Release|ARM64.Build.0 = Release|Any CPU
		{50C9FCC5-9446-4E04-971D-4833EC608B6E}.Release|iPhone.ActiveCfg = Release|Any CPU
		{50C9FCC5-9446-4E04-971D-4833EC608B6E}.Release|iPhone.Build.0 = Release|Any CPU
		{50C9FCC5-9446-4E04-971D-4833EC608B6E}.Release|iPhoneSimulator.ActiveCfg = Release|Any CPU
		{50C9FCC5-9446-4E04-971D-4833EC608B6E}.Release|iPhoneSimulator.Build.0 = Release|Any CPU
		{50C9FCC5-9446-4E04-971D-4833EC608B6E}.Release|x64.ActiveCfg = Release|Any CPU
		{50C9FCC5-9446-4E04-971D-4833EC608B6E}.Release|x64.Build.0 = Release|Any CPU
		{50C9FCC5-9446-4E04-971D-4833EC608B6E}.Release|x86.ActiveCfg = Release|Any CPU
		{50C9FCC5-9446-4E04-971D-4833EC608B6E}.Release|x86.Build.0 = Release|Any CPU
		{14277565-D02F-4E03-BA8C-963A66059B43}.Ad-Hoc|Any CPU.ActiveCfg = Debug|Any CPU
		{14277565-D02F-4E03-BA8C-963A66059B43}.Ad-Hoc|Any CPU.Build.0 = Debug|Any CPU
		{14277565-D02F-4E03-BA8C-963A66059B43}.Ad-Hoc|ARM.ActiveCfg = Debug|Any CPU
		{14277565-D02F-4E03-BA8C-963A66059B43}.Ad-Hoc|ARM.Build.0 = Debug|Any CPU
		{14277565-D02F-4E03-BA8C-963A66059B43}.Ad-Hoc|ARM64.ActiveCfg = Debug|Any CPU
		{14277565-D02F-4E03-BA8C-963A66059B43}.Ad-Hoc|ARM64.Build.0 = Debug|Any CPU
		{14277565-D02F-4E03-BA8C-963A66059B43}.Ad-Hoc|iPhone.ActiveCfg = Debug|Any CPU
		{14277565-D02F-4E03-BA8C-963A66059B43}.Ad-Hoc|iPhone.Build.0 = Debug|Any CPU
		{14277565-D02F-4E03-BA8C-963A66059B43}.Ad-Hoc|iPhoneSimulator.ActiveCfg = Debug|Any CPU
		{14277565-D02F-4E03-BA8C-963A66059B43}.Ad-Hoc|iPhoneSimulator.Build.0 = Debug|Any CPU
		{14277565-D02F-4E03-BA8C-963A66059B43}.Ad-Hoc|x64.ActiveCfg = Debug|Any CPU
		{14277565-D02F-4E03-BA8C-963A66059B43}.Ad-Hoc|x64.Build.0 = Debug|Any CPU
		{14277565-D02F-4E03-BA8C-963A66059B43}.Ad-Hoc|x86.ActiveCfg = Debug|Any CPU
		{14277565-D02F-4E03-BA8C-963A66059B43}.Ad-Hoc|x86.Build.0 = Debug|Any CPU
		{14277565-D02F-4E03-BA8C-963A66059B43}.AppStore|Any CPU.ActiveCfg = Debug|Any CPU
		{14277565-D02F-4E03-BA8C-963A66059B43}.AppStore|Any CPU.Build.0 = Debug|Any CPU
		{14277565-D02F-4E03-BA8C-963A66059B43}.AppStore|ARM.ActiveCfg = Debug|Any CPU
		{14277565-D02F-4E03-BA8C-963A66059B43}.AppStore|ARM.Build.0 = Debug|Any CPU
		{14277565-D02F-4E03-BA8C-963A66059B43}.AppStore|ARM64.ActiveCfg = Debug|Any CPU
		{14277565-D02F-4E03-BA8C-963A66059B43}.AppStore|ARM64.Build.0 = Debug|Any CPU
		{14277565-D02F-4E03-BA8C-963A66059B43}.AppStore|iPhone.ActiveCfg = Debug|Any CPU
		{14277565-D02F-4E03-BA8C-963A66059B43}.AppStore|iPhone.Build.0 = Debug|Any CPU
		{14277565-D02F-4E03-BA8C-963A66059B43}.AppStore|iPhoneSimulator.ActiveCfg = Debug|Any CPU
		{14277565-D02F-4E03-BA8C-963A66059B43}.AppStore|iPhoneSimulator.Build.0 = Debug|Any CPU
		{14277565-D02F-4E03-BA8C-963A66059B43}.AppStore|x64.ActiveCfg = Debug|Any CPU
		{14277565-D02F-4E03-BA8C-963A66059B43}.AppStore|x64.Build.0 = Debug|Any CPU
		{14277565-D02F-4E03-BA8C-963A66059B43}.AppStore|x86.ActiveCfg = Debug|Any CPU
		{14277565-D02F-4E03-BA8C-963A66059B43}.AppStore|x86.Build.0 = Debug|Any CPU
		{14277565-D02F-4E03-BA8C-963A66059B43}.Debug|Any CPU.ActiveCfg = Debug|Any CPU
		{14277565-D02F-4E03-BA8C-963A66059B43}.Debug|Any CPU.Build.0 = Debug|Any CPU
		{14277565-D02F-4E03-BA8C-963A66059B43}.Debug|ARM.ActiveCfg = Debug|Any CPU
		{14277565-D02F-4E03-BA8C-963A66059B43}.Debug|ARM.Build.0 = Debug|Any CPU
		{14277565-D02F-4E03-BA8C-963A66059B43}.Debug|ARM64.ActiveCfg = Debug|Any CPU
		{14277565-D02F-4E03-BA8C-963A66059B43}.Debug|ARM64.Build.0 = Debug|Any CPU
		{14277565-D02F-4E03-BA8C-963A66059B43}.Debug|iPhone.ActiveCfg = Debug|Any CPU
		{14277565-D02F-4E03-BA8C-963A66059B43}.Debug|iPhone.Build.0 = Debug|Any CPU
		{14277565-D02F-4E03-BA8C-963A66059B43}.Debug|iPhoneSimulator.ActiveCfg = Debug|Any CPU
		{14277565-D02F-4E03-BA8C-963A66059B43}.Debug|iPhoneSimulator.Build.0 = Debug|Any CPU
		{14277565-D02F-4E03-BA8C-963A66059B43}.Debug|x64.ActiveCfg = Debug|Any CPU
		{14277565-D02F-4E03-BA8C-963A66059B43}.Debug|x64.Build.0 = Debug|Any CPU
		{14277565-D02F-4E03-BA8C-963A66059B43}.Debug|x86.ActiveCfg = Debug|Any CPU
		{14277565-D02F-4E03-BA8C-963A66059B43}.Debug|x86.Build.0 = Debug|Any CPU
		{14277565-D02F-4E03-BA8C-963A66059B43}.Release|Any CPU.ActiveCfg = Release|Any CPU
		{14277565-D02F-4E03-BA8C-963A66059B43}.Release|Any CPU.Build.0 = Release|Any CPU
		{14277565-D02F-4E03-BA8C-963A66059B43}.Release|ARM.ActiveCfg = Release|Any CPU
		{14277565-D02F-4E03-BA8C-963A66059B43}.Release|ARM.Build.0 = Release|Any CPU
		{14277565-D02F-4E03-BA8C-963A66059B43}.Release|ARM64.ActiveCfg = Release|Any CPU
		{14277565-D02F-4E03-BA8C-963A66059B43}.Release|ARM64.Build.0 = Release|Any CPU
		{14277565-D02F-4E03-BA8C-963A66059B43}.Release|iPhone.ActiveCfg = Release|Any CPU
		{14277565-D02F-4E03-BA8C-963A66059B43}.Release|iPhone.Build.0 = Release|Any CPU
		{14277565-D02F-4E03-BA8C-963A66059B43}.Release|iPhoneSimulator.ActiveCfg = Release|Any CPU
		{14277565-D02F-4E03-BA8C-963A66059B43}.Release|iPhoneSimulator.Build.0 = Release|Any CPU
		{14277565-D02F-4E03-BA8C-963A66059B43}.Release|x64.ActiveCfg = Release|Any CPU
		{14277565-D02F-4E03-BA8C-963A66059B43}.Release|x64.Build.0 = Release|Any CPU
		{14277565-D02F-4E03-BA8C-963A66059B43}.Release|x86.ActiveCfg = Release|Any CPU
		{14277565-D02F-4E03-BA8C-963A66059B43}.Release|x86.Build.0 = Release|Any CPU
		{9D4ADDC1-6A22-4C65-8066-B8F67D5C2396}.Ad-Hoc|Any CPU.ActiveCfg = Debug|Any CPU
		{9D4ADDC1-6A22-4C65-8066-B8F67D5C2396}.Ad-Hoc|Any CPU.Build.0 = Debug|Any CPU
		{9D4ADDC1-6A22-4C65-8066-B8F67D5C2396}.Ad-Hoc|ARM.ActiveCfg = Debug|Any CPU
		{9D4ADDC1-6A22-4C65-8066-B8F67D5C2396}.Ad-Hoc|ARM.Build.0 = Debug|Any CPU
		{9D4ADDC1-6A22-4C65-8066-B8F67D5C2396}.Ad-Hoc|ARM64.ActiveCfg = Debug|Any CPU
		{9D4ADDC1-6A22-4C65-8066-B8F67D5C2396}.Ad-Hoc|ARM64.Build.0 = Debug|Any CPU
		{9D4ADDC1-6A22-4C65-8066-B8F67D5C2396}.Ad-Hoc|iPhone.ActiveCfg = Debug|Any CPU
		{9D4ADDC1-6A22-4C65-8066-B8F67D5C2396}.Ad-Hoc|iPhone.Build.0 = Debug|Any CPU
		{9D4ADDC1-6A22-4C65-8066-B8F67D5C2396}.Ad-Hoc|iPhoneSimulator.ActiveCfg = Debug|Any CPU
		{9D4ADDC1-6A22-4C65-8066-B8F67D5C2396}.Ad-Hoc|iPhoneSimulator.Build.0 = Debug|Any CPU
		{9D4ADDC1-6A22-4C65-8066-B8F67D5C2396}.Ad-Hoc|x64.ActiveCfg = Debug|Any CPU
		{9D4ADDC1-6A22-4C65-8066-B8F67D5C2396}.Ad-Hoc|x64.Build.0 = Debug|Any CPU
		{9D4ADDC1-6A22-4C65-8066-B8F67D5C2396}.Ad-Hoc|x86.ActiveCfg = Debug|Any CPU
		{9D4ADDC1-6A22-4C65-8066-B8F67D5C2396}.Ad-Hoc|x86.Build.0 = Debug|Any CPU
		{9D4ADDC1-6A22-4C65-8066-B8F67D5C2396}.AppStore|Any CPU.ActiveCfg = Debug|Any CPU
		{9D4ADDC1-6A22-4C65-8066-B8F67D5C2396}.AppStore|Any CPU.Build.0 = Debug|Any CPU
		{9D4ADDC1-6A22-4C65-8066-B8F67D5C2396}.AppStore|ARM.ActiveCfg = Debug|Any CPU
		{9D4ADDC1-6A22-4C65-8066-B8F67D5C2396}.AppStore|ARM.Build.0 = Debug|Any CPU
		{9D4ADDC1-6A22-4C65-8066-B8F67D5C2396}.AppStore|ARM64.ActiveCfg = Debug|Any CPU
		{9D4ADDC1-6A22-4C65-8066-B8F67D5C2396}.AppStore|ARM64.Build.0 = Debug|Any CPU
		{9D4ADDC1-6A22-4C65-8066-B8F67D5C2396}.AppStore|iPhone.ActiveCfg = Debug|Any CPU
		{9D4ADDC1-6A22-4C65-8066-B8F67D5C2396}.AppStore|iPhone.Build.0 = Debug|Any CPU
		{9D4ADDC1-6A22-4C65-8066-B8F67D5C2396}.AppStore|iPhoneSimulator.ActiveCfg = Debug|Any CPU
		{9D4ADDC1-6A22-4C65-8066-B8F67D5C2396}.AppStore|iPhoneSimulator.Build.0 = Debug|Any CPU
		{9D4ADDC1-6A22-4C65-8066-B8F67D5C2396}.AppStore|x64.ActiveCfg = Debug|Any CPU
		{9D4ADDC1-6A22-4C65-8066-B8F67D5C2396}.AppStore|x64.Build.0 = Debug|Any CPU
		{9D4ADDC1-6A22-4C65-8066-B8F67D5C2396}.AppStore|x86.ActiveCfg = Debug|Any CPU
		{9D4ADDC1-6A22-4C65-8066-B8F67D5C2396}.AppStore|x86.Build.0 = Debug|Any CPU
		{9D4ADDC1-6A22-4C65-8066-B8F67D5C2396}.Debug|Any CPU.ActiveCfg = Debug|Any CPU
		{9D4ADDC1-6A22-4C65-8066-B8F67D5C2396}.Debug|Any CPU.Build.0 = Debug|Any CPU
		{9D4ADDC1-6A22-4C65-8066-B8F67D5C2396}.Debug|ARM.ActiveCfg = Debug|Any CPU
		{9D4ADDC1-6A22-4C65-8066-B8F67D5C2396}.Debug|ARM.Build.0 = Debug|Any CPU
		{9D4ADDC1-6A22-4C65-8066-B8F67D5C2396}.Debug|ARM64.ActiveCfg = Debug|Any CPU
		{9D4ADDC1-6A22-4C65-8066-B8F67D5C2396}.Debug|ARM64.Build.0 = Debug|Any CPU
		{9D4ADDC1-6A22-4C65-8066-B8F67D5C2396}.Debug|iPhone.ActiveCfg = Debug|Any CPU
		{9D4ADDC1-6A22-4C65-8066-B8F67D5C2396}.Debug|iPhone.Build.0 = Debug|Any CPU
		{9D4ADDC1-6A22-4C65-8066-B8F67D5C2396}.Debug|iPhoneSimulator.ActiveCfg = Debug|Any CPU
		{9D4ADDC1-6A22-4C65-8066-B8F67D5C2396}.Debug|iPhoneSimulator.Build.0 = Debug|Any CPU
		{9D4ADDC1-6A22-4C65-8066-B8F67D5C2396}.Debug|x64.ActiveCfg = Debug|Any CPU
		{9D4ADDC1-6A22-4C65-8066-B8F67D5C2396}.Debug|x64.Build.0 = Debug|Any CPU
		{9D4ADDC1-6A22-4C65-8066-B8F67D5C2396}.Debug|x86.ActiveCfg = Debug|Any CPU
		{9D4ADDC1-6A22-4C65-8066-B8F67D5C2396}.Debug|x86.Build.0 = Debug|Any CPU
		{9D4ADDC1-6A22-4C65-8066-B8F67D5C2396}.Release|Any CPU.ActiveCfg = Release|Any CPU
		{9D4ADDC1-6A22-4C65-8066-B8F67D5C2396}.Release|Any CPU.Build.0 = Release|Any CPU
		{9D4ADDC1-6A22-4C65-8066-B8F67D5C2396}.Release|ARM.ActiveCfg = Release|Any CPU
		{9D4ADDC1-6A22-4C65-8066-B8F67D5C2396}.Release|ARM.Build.0 = Release|Any CPU
		{9D4ADDC1-6A22-4C65-8066-B8F67D5C2396}.Release|ARM64.ActiveCfg = Release|Any CPU
		{9D4ADDC1-6A22-4C65-8066-B8F67D5C2396}.Release|ARM64.Build.0 = Release|Any CPU
		{9D4ADDC1-6A22-4C65-8066-B8F67D5C2396}.Release|iPhone.ActiveCfg = Release|Any CPU
		{9D4ADDC1-6A22-4C65-8066-B8F67D5C2396}.Release|iPhone.Build.0 = Release|Any CPU
		{9D4ADDC1-6A22-4C65-8066-B8F67D5C2396}.Release|iPhoneSimulator.ActiveCfg = Release|Any CPU
		{9D4ADDC1-6A22-4C65-8066-B8F67D5C2396}.Release|iPhoneSimulator.Build.0 = Release|Any CPU
		{9D4ADDC1-6A22-4C65-8066-B8F67D5C2396}.Release|x64.ActiveCfg = Release|Any CPU
		{9D4ADDC1-6A22-4C65-8066-B8F67D5C2396}.Release|x64.Build.0 = Release|Any CPU
		{9D4ADDC1-6A22-4C65-8066-B8F67D5C2396}.Release|x86.ActiveCfg = Release|Any CPU
		{9D4ADDC1-6A22-4C65-8066-B8F67D5C2396}.Release|x86.Build.0 = Release|Any CPU
		{CCDEBDF8-1DDD-459A-8CEE-AB000BFC6120}.Ad-Hoc|Any CPU.ActiveCfg = Debug|Any CPU
		{CCDEBDF8-1DDD-459A-8CEE-AB000BFC6120}.Ad-Hoc|Any CPU.Build.0 = Debug|Any CPU
		{CCDEBDF8-1DDD-459A-8CEE-AB000BFC6120}.Ad-Hoc|ARM.ActiveCfg = Debug|Any CPU
		{CCDEBDF8-1DDD-459A-8CEE-AB000BFC6120}.Ad-Hoc|ARM.Build.0 = Debug|Any CPU
		{CCDEBDF8-1DDD-459A-8CEE-AB000BFC6120}.Ad-Hoc|ARM64.ActiveCfg = Debug|Any CPU
		{CCDEBDF8-1DDD-459A-8CEE-AB000BFC6120}.Ad-Hoc|ARM64.Build.0 = Debug|Any CPU
		{CCDEBDF8-1DDD-459A-8CEE-AB000BFC6120}.Ad-Hoc|iPhone.ActiveCfg = Debug|Any CPU
		{CCDEBDF8-1DDD-459A-8CEE-AB000BFC6120}.Ad-Hoc|iPhone.Build.0 = Debug|Any CPU
		{CCDEBDF8-1DDD-459A-8CEE-AB000BFC6120}.Ad-Hoc|iPhoneSimulator.ActiveCfg = Debug|Any CPU
		{CCDEBDF8-1DDD-459A-8CEE-AB000BFC6120}.Ad-Hoc|iPhoneSimulator.Build.0 = Debug|Any CPU
		{CCDEBDF8-1DDD-459A-8CEE-AB000BFC6120}.Ad-Hoc|x64.ActiveCfg = Debug|Any CPU
		{CCDEBDF8-1DDD-459A-8CEE-AB000BFC6120}.Ad-Hoc|x64.Build.0 = Debug|Any CPU
		{CCDEBDF8-1DDD-459A-8CEE-AB000BFC6120}.Ad-Hoc|x86.ActiveCfg = Debug|Any CPU
		{CCDEBDF8-1DDD-459A-8CEE-AB000BFC6120}.Ad-Hoc|x86.Build.0 = Debug|Any CPU
		{CCDEBDF8-1DDD-459A-8CEE-AB000BFC6120}.AppStore|Any CPU.ActiveCfg = Debug|Any CPU
		{CCDEBDF8-1DDD-459A-8CEE-AB000BFC6120}.AppStore|Any CPU.Build.0 = Debug|Any CPU
		{CCDEBDF8-1DDD-459A-8CEE-AB000BFC6120}.AppStore|ARM.ActiveCfg = Debug|Any CPU
		{CCDEBDF8-1DDD-459A-8CEE-AB000BFC6120}.AppStore|ARM.Build.0 = Debug|Any CPU
		{CCDEBDF8-1DDD-459A-8CEE-AB000BFC6120}.AppStore|ARM64.ActiveCfg = Debug|Any CPU
		{CCDEBDF8-1DDD-459A-8CEE-AB000BFC6120}.AppStore|ARM64.Build.0 = Debug|Any CPU
		{CCDEBDF8-1DDD-459A-8CEE-AB000BFC6120}.AppStore|iPhone.ActiveCfg = Debug|Any CPU
		{CCDEBDF8-1DDD-459A-8CEE-AB000BFC6120}.AppStore|iPhone.Build.0 = Debug|Any CPU
		{CCDEBDF8-1DDD-459A-8CEE-AB000BFC6120}.AppStore|iPhoneSimulator.ActiveCfg = Debug|Any CPU
		{CCDEBDF8-1DDD-459A-8CEE-AB000BFC6120}.AppStore|iPhoneSimulator.Build.0 = Debug|Any CPU
		{CCDEBDF8-1DDD-459A-8CEE-AB000BFC6120}.AppStore|x64.ActiveCfg = Debug|Any CPU
		{CCDEBDF8-1DDD-459A-8CEE-AB000BFC6120}.AppStore|x64.Build.0 = Debug|Any CPU
		{CCDEBDF8-1DDD-459A-8CEE-AB000BFC6120}.AppStore|x86.ActiveCfg = Debug|Any CPU
		{CCDEBDF8-1DDD-459A-8CEE-AB000BFC6120}.AppStore|x86.Build.0 = Debug|Any CPU
		{CCDEBDF8-1DDD-459A-8CEE-AB000BFC6120}.Debug|Any CPU.ActiveCfg = Debug|Any CPU
		{CCDEBDF8-1DDD-459A-8CEE-AB000BFC6120}.Debug|Any CPU.Build.0 = Debug|Any CPU
		{CCDEBDF8-1DDD-459A-8CEE-AB000BFC6120}.Debug|ARM.ActiveCfg = Debug|Any CPU
		{CCDEBDF8-1DDD-459A-8CEE-AB000BFC6120}.Debug|ARM.Build.0 = Debug|Any CPU
		{CCDEBDF8-1DDD-459A-8CEE-AB000BFC6120}.Debug|ARM64.ActiveCfg = Debug|Any CPU
		{CCDEBDF8-1DDD-459A-8CEE-AB000BFC6120}.Debug|ARM64.Build.0 = Debug|Any CPU
		{CCDEBDF8-1DDD-459A-8CEE-AB000BFC6120}.Debug|iPhone.ActiveCfg = Debug|Any CPU
		{CCDEBDF8-1DDD-459A-8CEE-AB000BFC6120}.Debug|iPhone.Build.0 = Debug|Any CPU
		{CCDEBDF8-1DDD-459A-8CEE-AB000BFC6120}.Debug|iPhoneSimulator.ActiveCfg = Debug|Any CPU
		{CCDEBDF8-1DDD-459A-8CEE-AB000BFC6120}.Debug|iPhoneSimulator.Build.0 = Debug|Any CPU
		{CCDEBDF8-1DDD-459A-8CEE-AB000BFC6120}.Debug|x64.ActiveCfg = Debug|Any CPU
		{CCDEBDF8-1DDD-459A-8CEE-AB000BFC6120}.Debug|x64.Build.0 = Debug|Any CPU
		{CCDEBDF8-1DDD-459A-8CEE-AB000BFC6120}.Debug|x86.ActiveCfg = Debug|Any CPU
		{CCDEBDF8-1DDD-459A-8CEE-AB000BFC6120}.Debug|x86.Build.0 = Debug|Any CPU
		{CCDEBDF8-1DDD-459A-8CEE-AB000BFC6120}.Release|Any CPU.ActiveCfg = Release|Any CPU
		{CCDEBDF8-1DDD-459A-8CEE-AB000BFC6120}.Release|Any CPU.Build.0 = Release|Any CPU
		{CCDEBDF8-1DDD-459A-8CEE-AB000BFC6120}.Release|ARM.ActiveCfg = Release|Any CPU
		{CCDEBDF8-1DDD-459A-8CEE-AB000BFC6120}.Release|ARM.Build.0 = Release|Any CPU
		{CCDEBDF8-1DDD-459A-8CEE-AB000BFC6120}.Release|ARM64.ActiveCfg = Release|Any CPU
		{CCDEBDF8-1DDD-459A-8CEE-AB000BFC6120}.Release|ARM64.Build.0 = Release|Any CPU
		{CCDEBDF8-1DDD-459A-8CEE-AB000BFC6120}.Release|iPhone.ActiveCfg = Release|Any CPU
		{CCDEBDF8-1DDD-459A-8CEE-AB000BFC6120}.Release|iPhone.Build.0 = Release|Any CPU
		{CCDEBDF8-1DDD-459A-8CEE-AB000BFC6120}.Release|iPhoneSimulator.ActiveCfg = Release|Any CPU
		{CCDEBDF8-1DDD-459A-8CEE-AB000BFC6120}.Release|iPhoneSimulator.Build.0 = Release|Any CPU
		{CCDEBDF8-1DDD-459A-8CEE-AB000BFC6120}.Release|x64.ActiveCfg = Release|Any CPU
		{CCDEBDF8-1DDD-459A-8CEE-AB000BFC6120}.Release|x64.Build.0 = Release|Any CPU
		{CCDEBDF8-1DDD-459A-8CEE-AB000BFC6120}.Release|x86.ActiveCfg = Release|Any CPU
		{CCDEBDF8-1DDD-459A-8CEE-AB000BFC6120}.Release|x86.Build.0 = Release|Any CPU
	EndGlobalSection
	GlobalSection(SolutionProperties) = preSolution
		HideSolutionNode = FALSE
	EndGlobalSection
	GlobalSection(NestedProjects) = preSolution
		{C9FD9805-7F8C-4942-92F5-FF3BB037DAD1} = {EB3836D8-535F-4A5A-803B-5FF008DF072F}
		{AA6A2578-6242-4A61-BB39-5CE31629694D} = {0E30007D-D450-4B5D-9E25-98186FF08614}
		{6DD4F073-3A72-4844-8A8E-E66F4804BDA4} = {0E30007D-D450-4B5D-9E25-98186FF08614}
		{6279C845-92F8-4333-AB99-3D213163593C} = {D5990809-FD28-4694-B359-7640EFA6B6EA}
		{032299C0-5971-45CA-92EE-FB009AD41B79} = {D5990809-FD28-4694-B359-7640EFA6B6EA}
		{50C9FCC5-9446-4E04-971D-4833EC608B6E} = {032299C0-5971-45CA-92EE-FB009AD41B79}
		{14277565-D02F-4E03-BA8C-963A66059B43} = {032299C0-5971-45CA-92EE-FB009AD41B79}
		{9D4ADDC1-6A22-4C65-8066-B8F67D5C2396} = {032299C0-5971-45CA-92EE-FB009AD41B79}
		{CCDEBDF8-1DDD-459A-8CEE-AB000BFC6120} = {032299C0-5971-45CA-92EE-FB009AD41B79}
	EndGlobalSection
	GlobalSection(ExtensibilityGlobals) = postSolution
		SolutionGuid = {7A8C4639-4B74-49FA-81F0-C00E4F5C150F}
	EndGlobalSection
EndGlobal
